
Microsoft Visual Studio Solution File, Format Version 12.00
# Visual Studio Version 17
VisualStudioVersion = 17.0.31903.59
MinimumVisualStudioVersion = 10.0.40219.1
Project("{FAE04EC0-301F-11D3-BF4B-00C04F79EFBC}") = "PrimeService", "PrimeService\PrimeService.csproj", "{788B7876-CE47-4C4A-A760-89EF021C3A90}"
EndProject
Project("{FAE04EC0-301F-11D3-BF4B-00C04F79EFBC}") = "PrimeService.Tests", "PrimeService.Tests\PrimeService.Tests.csproj", "{1AE95FE4-5416-40BE-A168-4F929A6D375F}"
EndProject
Global
	GlobalSection(SolutionConfigurationPlatforms) = preSolution
		Debug|Any CPU = Debug|Any CPU
		Release|Any CPU = Release|Any CPU
	EndGlobalSection
	GlobalSection(SolutionProperties) = preSolution
		HideSolutionNode = FALSE
	EndGlobalSection
	GlobalSection(ProjectConfigurationPlatforms) = postSolution
		{788B7876-CE47-4C4A-A760-89EF021C3A90}.Debug|Any CPU.ActiveCfg = Debug|Any CPU
		{788B7876-CE47-4C4A-A760-89EF021C3A90}.Debug|Any CPU.Build.0 = Debug|Any CPU
		{788B7876-CE47-4C4A-A760-89EF021C3A90}.Release|Any CPU.ActiveCfg = Release|Any CPU
		{788B7876-CE47-4C4A-A760-89EF021C3A90}.Release|Any CPU.Build.0 = Release|Any CPU
		{1AE95FE4-5416-40BE-A168-4F929A6D375F}.Debug|Any CPU.ActiveCfg = Debug|Any CPU
		{1AE95FE4-5416-40BE-A168-4F929A6D375F}.Debug|Any CPU.Build.0 = Debug|Any CPU
		{1AE95FE4-5416-40BE-A168-4F929A6D375F}.Release|Any CPU.ActiveCfg = Release|Any CPU
		{1AE95FE4-5416-40BE-A168-4F929A6D375F}.Release|Any CPU.Build.0 = Release|Any CPU
	EndGlobalSection
EndGlobal
